
Microsoft Visual Studio Solution File, Format Version 12.00
# Visual Studio 15
VisualStudioVersion = 15.0.28010.2050
MinimumVisualStudioVersion = 10.0.40219.1
Project("{8BC9CEB8-8B4A-11D0-8D11-00A0C91BC942}") = "LearnOpenglSecond", "LearnOpenglSecond\LearnOpenglSecond.vcxproj", "{812B5A58-5E5E-4D9D-8326-BC7E91AB7D11}"
EndProject
Global
	GlobalSection(SolutionConfigurationPlatforms) = preSolution
		Debug|x64 = Debug|x64
		Debug|x86 = Debug|x86
		Release|x64 = Release|x64
		Release|x86 = Release|x86
	EndGlobalSection
	GlobalSection(ProjectConfigurationPlatforms) = postSolution
		{812B5A58-5E5E-4D9D-8326-BC7E91AB7D11}.Debug|x64.ActiveCfg = Debug|x64
		{812B5A58-5E5E-4D9D-8326-BC7E91AB7D11}.Debug|x64.Build.0 = Debug|x64
		{812B5A58-5E5E-4D9D-8326-BC7E91AB7D11}.Debug|x86.ActiveCfg = Debug|Win32
		{812B5A58-5E5E-4D9D-8326-BC7E91AB7D11}.Debug|x86.Build.0 = Debug|Win32
		{812B5A58-5E5E-4D9D-8326-BC7E91AB7D11}.Release|x64.ActiveCfg = Release|x64
		{812B5A58-5E5E-4D9D-8326-BC7E91AB7D11}.Release|x64.Build.0 = Release|x64
		{812B5A58-5E5E-4D9D-8326-BC7E91AB7D11}.Release|x86.ActiveCfg = Release|Win32
		{812B5A58-5E5E-4D9D-8326-BC7E91AB7D11}.Release|x86.Build.0 = Release|Win32
	EndGlobalSection
	GlobalSection(SolutionProperties) = preSolution
		HideSolutionNode = FALSE
	EndGlobalSection
	GlobalSection(ExtensibilityGlobals) = postSolution
		SolutionGuid = {6EF28518-87C2-413D-835D-F11912E2CDA1}
	EndGlobalSection
EndGlobal
